
Microsoft Visual Studio Solution File, Format Version 12.00
# Visual Studio 15
VisualStudioVersion = 15.0.27703.2026
MinimumVisualStudioVersion = 10.0.40219.1
Project("{8BC9CEB8-8B4A-11D0-8D11-00A0C91BC942}") = "ks04_09_d", "ks04_09_d.vcxproj", "{FF83C290-3C7D-3223-932B-8BFFEE3A378E}"
EndProject
Global
	GlobalSection(SolutionConfigurationPlatforms) = preSolution
		Debug|x64 = Debug|x64
		Release|x64 = Release|x64
	EndGlobalSection
	GlobalSection(ProjectConfigurationPlatforms) = postSolution
		{FF83C290-3C7D-3223-932B-8BFFEE3A378E}.Debug|x64.ActiveCfg = Debug|x64
		{FF83C290-3C7D-3223-932B-8BFFEE3A378E}.Debug|x64.Build.0 = Debug|x64
		{FF83C290-3C7D-3223-932B-8BFFEE3A378E}.Release|x64.ActiveCfg = Release|x64
		{FF83C290-3C7D-3223-932B-8BFFEE3A378E}.Release|x64.Build.0 = Release|x64
	EndGlobalSection
	GlobalSection(SolutionProperties) = preSolution
		HideSolutionNode = FALSE
	EndGlobalSection
	GlobalSection(ExtensibilityGlobals) = postSolution
		SolutionGuid = {B9094F33-880F-42E8-86BC-B9FB11744471}
	EndGlobalSection
EndGlobal
